
Microsoft Visual Studio Solution File, Format Version 12.00
# Visual Studio Version 16
VisualStudioVersion = 16.0.31205.134
MinimumVisualStudioVersion = 10.0.40219.1
Project("{FAE04EC0-301F-11D3-BF4B-00C04F79EFBC}") = "Minesweeper", "Minesweeper\Minesweeper.csproj", "{AB6FA5E2-97DF-495A-BEEF-DF9B2FC04472}"
EndProject
Project("{FAE04EC0-301F-11D3-BF4B-00C04F79EFBC}") = "Minesweeper.Test", "Minesweeper.Test\Minesweeper.Test.csproj", "{4AC5DA0F-E9A9-4EFE-8268-074C3EBDBDF9}"
EndProject
Global
	GlobalSection(SolutionConfigurationPlatforms) = preSolution
		Debug|Any CPU = Debug|Any CPU
		Release|Any CPU = Release|Any CPU
	EndGlobalSection
	GlobalSection(ProjectConfigurationPlatforms) = postSolution
		{AB6FA5E2-97DF-495A-BEEF-DF9B2FC04472}.Debug|Any CPU.ActiveCfg = Debug|Any CPU
		{AB6FA5E2-97DF-495A-BEEF-DF9B2FC04472}.Debug|Any CPU.Build.0 = Debug|Any CPU
		{AB6FA5E2-97DF-495A-BEEF-DF9B2FC04472}.Release|Any CPU.ActiveCfg = Release|Any CPU
		{AB6FA5E2-97DF-495A-BEEF-DF9B2FC04472}.Release|Any CPU.Build.0 = Release|Any CPU
		{4AC5DA0F-E9A9-4EFE-8268-074C3EBDBDF9}.Debug|Any CPU.ActiveCfg = Debug|Any CPU
		{4AC5DA0F-E9A9-4EFE-8268-074C3EBDBDF9}.Debug|Any CPU.Build.0 = Debug|Any CPU
		{4AC5DA0F-E9A9-4EFE-8268-074C3EBDBDF9}.Release|Any CPU.ActiveCfg = Release|Any CPU
		{4AC5DA0F-E9A9-4EFE-8268-074C3EBDBDF9}.Release|Any CPU.Build.0 = Release|Any CPU
	EndGlobalSection
	GlobalSection(SolutionProperties) = preSolution
		HideSolutionNode = FALSE
	EndGlobalSection
	GlobalSection(ExtensibilityGlobals) = postSolution
		SolutionGuid = {9BAE1B23-230C-4762-BD5E-2B057C220519}
	EndGlobalSection
EndGlobal
